
Microsoft Visual Studio Solution File, Format Version 12.00
# Visual Studio Version 16
VisualStudioVersion = 16.0.32929.386
MinimumVisualStudioVersion = 10.0.40219.1
Project("{8BC9CEB8-8B4A-11D0-8D11-00A0C91BC942}") = "con2", "con2.vcxproj", "{4CBA61A2-0665-4CB7-8646-46A3147D5450}"
EndProject
Global
	GlobalSection(SolutionConfigurationPlatforms) = preSolution
		Debug|x64 = Debug|x64
		Debug|x86 = Debug|x86
		Release|x64 = Release|x64
		Release|x86 = Release|x86
	EndGlobalSection
	GlobalSection(ProjectConfigurationPlatforms) = postSolution
		{4CBA61A2-0665-4CB7-8646-46A3147D5450}.Debug|x64.ActiveCfg = Debug|x64
		{4CBA61A2-0665-4CB7-8646-46A3147D5450}.Debug|x64.Build.0 = Debug|x64
		{4CBA61A2-0665-4CB7-8646-46A3147D5450}.Debug|x86.ActiveCfg = Debug|Win32
		{4CBA61A2-0665-4CB7-8646-46A3147D5450}.Debug|x86.Build.0 = Debug|Win32
		{4CBA61A2-0665-4CB7-8646-46A3147D5450}.Release|x64.ActiveCfg = Release|x64
		{4CBA61A2-0665-4CB7-8646-46A3147D5450}.Release|x64.Build.0 = Release|x64
		{4CBA61A2-0665-4CB7-8646-46A3147D5450}.Release|x86.ActiveCfg = Release|Win32
		{4CBA61A2-0665-4CB7-8646-46A3147D5450}.Release|x86.Build.0 = Release|Win32
	EndGlobalSection
	GlobalSection(SolutionProperties) = preSolution
		HideSolutionNode = FALSE
	EndGlobalSection
	GlobalSection(ExtensibilityGlobals) = postSolution
		SolutionGuid = {B77AEDB4-6F07-4310-8A29-FA6AB8E7BA96}
	EndGlobalSection
EndGlobal
